
Microsoft Visual Studio Solution File, Format Version 12.00
# Visual Studio Version 17
VisualStudioVersion = 17.14.35821.62 d17.14
MinimumVisualStudioVersion = 10.0.40219.1
Project("{FAE04EC0-301F-11D3-BF4B-00C04F79EFBC}") = "Cubo_tres_d", "Cubo_tres_d\Cubo_tres_d.csproj", "{414C0B06-8034-4630-8C9F-0D7ADE3EC414}"
EndProject
Global
	GlobalSection(SolutionConfigurationPlatforms) = preSolution
		Debug|Any CPU = Debug|Any CPU
		Release|Any CPU = Release|Any CPU
	EndGlobalSection
	GlobalSection(ProjectConfigurationPlatforms) = postSolution
		{414C0B06-8034-4630-8C9F-0D7ADE3EC414}.Debug|Any CPU.ActiveCfg = Debug|Any CPU
		{414C0B06-8034-4630-8C9F-0D7ADE3EC414}.Debug|Any CPU.Build.0 = Debug|Any CPU
		{414C0B06-8034-4630-8C9F-0D7ADE3EC414}.Release|Any CPU.ActiveCfg = Release|Any CPU
		{414C0B06-8034-4630-8C9F-0D7ADE3EC414}.Release|Any CPU.Build.0 = Release|Any CPU
	EndGlobalSection
	GlobalSection(SolutionProperties) = preSolution
		HideSolutionNode = FALSE
	EndGlobalSection
	GlobalSection(ExtensibilityGlobals) = postSolution
		SolutionGuid = {AF26E658-E3D6-4A3D-BE84-BBFA70E160A2}
	EndGlobalSection
EndGlobal
